<?xml version="1.0" encoding="utf-8"?>
<Project ToolsVersion="4.0" xmlns="http://schemas.microsoft.com/developer/msbuild/2003">
  <ItemGroup>
    <Filter Include="Source Files">
      <UniqueIdentifier>{4FC737F1-C7A5-4376-A066-2A32D752A2FF}</UniqueIdentifier>
      <Extensions>cpp;c;cc;cxx;def;odl;idl;hpj;bat;asm;asmx</Extensions>
    </Filter>
    <Filter Include="Header Files">
      <UniqueIdentifier>{93995380-89BD-4b04-88EB-625FBE52EBFB}</UniqueIdentifier>
      <Extensions>h;hh;hpp;hxx;hm;inl;inc;xsd</Extensions>
    </Filter>
    <Filter Include="Resource Files">
      <UniqueIdentifier>{67DA6AB6-F800-4c08-8B7A-83BB121AAD01}</UniqueIdentifier>
      <Extensions>rc;ico;cur;bmp;dlg;rc2;rct;bin;rgs;gif;jpg;jpeg;jpe;resx;tiff;tif;png;wav;mfcribbon-ms</Extensions>
    </Filter>
    <Filter Include="Source Files\Manager">
      <UniqueIdentifier>{845ba36f-28c6-465a-83d0-60edfcb66148}</UniqueIdentifier>
    </Filter>
    <Filter Include="Source Files\Math">
      <UniqueIdentifier>{0c4f50ba-f5aa-4a14-a870-1ff5e412d666}</UniqueIdentifier>
    </Filter>
    <Filter Include="Source Files\common">
      <UniqueIdentifier>{6df744df-688c-4c72-ab48-f97417013003}</UniqueIdentifier>
    </Filter>
  </ItemGroup>
  <ItemGroup>
    <Text Include="ReadMe.txt" />
  </ItemGroup>
  <ItemGroup>
    <ClInclude Include="RobotManager.h">
      <Filter>Source Files\Manager</Filter>
    </ClInclude>
    <ClInclude Include="WorldManager.h">
      <Filter>Source Files\Manager</Filter>
    </ClInclude>
    <ClInclude Include="Math.h">
      <Filter>Source Files\Math</Filter>
    </ClInclude>
    <ClInclude Include="Posture\Support\SupportPolygon.h">
      <Filter>Header Files</Filter>
    </ClInclude>
    <ClInclude Include="Posture\Support\SupportPolygonVisitor_ABC.h">
      <Filter>Header Files</Filter>
    </ClInclude>
    <ClInclude Include="Posture\PostureCriteria_ABC.h">
      <Filter>Header Files</Filter>
    </ClInclude>
    <ClInclude Include="Posture\PostureCriteriaToeOnCOM.h">
      <Filter>Header Files</Filter>
    </ClInclude>
    <ClInclude Include="Posture\PostureManager.h">
      <Filter>Header Files</Filter>
    </ClInclude>
  </ItemGroup>
  <ItemGroup>
    <ClCompile Include="RobotManager.cpp">
      <Filter>Source Files\Manager</Filter>
    </ClCompile>
    <ClCompile Include="WorldManager.cpp">
      <Filter>Source Files\Manager</Filter>
    </ClCompile>
    <ClCompile Include="Math.cpp">
      <Filter>Source Files\Math</Filter>
    </ClCompile>
    <ClCompile Include="SampleGeneratorTestApp.cpp">
      <Filter>Source Files</Filter>
    </ClCompile>
    <ClCompile Include="Posture\Support\SupportPolygon.cpp">
      <Filter>Source Files</Filter>
    </ClCompile>
    <ClCompile Include="Posture\PostureCriteria_ABC.cpp">
      <Filter>Source Files</Filter>
    </ClCompile>
    <ClCompile Include="Posture\PostureCriteriaToeOnCOM.cpp">
      <Filter>Source Files</Filter>
    </ClCompile>
    <ClCompile Include="Posture\PostureManager.cpp">
      <Filter>Source Files</Filter>
    </ClCompile>
  </ItemGroup>
</Project>